// !$*UTF8*$!
{
	archiveVersion = 1;
	classes = {
	};
	objectVersion = 46;
	objects = {

/* Begin PBXBuildFile section */
		AD6A4E0D1D1A48FE00DD4E8A /* AppDelegate.swift in Sources */ = {isa = PBXBuildFile; fileRef = AD6A4E0C1D1A48FE00DD4E8A /* AppDelegate.swift */; };
		AD6A4E0F1D1A48FE00DD4E8A /* MasterViewController.swift in Sources */ = {isa = PBXBuildFile; fileRef = AD6A4E0E1D1A48FE00DD4E8A /* MasterViewController.swift */; };
		AD6A4E111D1A48FE00DD4E8A /* DetailViewController.swift in Sources */ = {isa = PBXBuildFile; fileRef = AD6A4E101D1A48FE00DD4E8A /* DetailViewController.swift */; };
		AD6A4E141D1A48FE00DD4E8A /* Main.storyboard in Resources */ = {isa = PBXBuildFile; fileRef = AD6A4E121D1A48FE00DD4E8A /* Main.storyboard */; };
		AD6A4E161D1A48FE00DD4E8A /* Assets.xcassets in Resources */ = {isa = PBXBuildFile; fileRef = AD6A4E151D1A48FE00DD4E8A /* Assets.xcassets */; };
		AD6A4E191D1A48FE00DD4E8A /* LaunchScreen.storyboard in Resources */ = {isa = PBXBuildFile; fileRef = AD6A4E171D1A48FE00DD4E8A /* LaunchScreen.storyboard */; };
		AD6A4E241D1A48FF00DD4E8A /* SwiftImageUploaderTests.swift in Sources */ = {isa = PBXBuildFile; fileRef = AD6A4E231D1A48FF00DD4E8A /* SwiftImageUploaderTests.swift */; };
		AD6A4E2F1D1A48FF00DD4E8A /* SwiftImageUploaderUITests.swift in Sources */ = {isa = PBXBuildFile; fileRef = AD6A4E2E1D1A48FF00DD4E8A /* SwiftImageUploaderUITests.swift */; };
/* End PBXBuildFile section */

/* Begin PBXContainerItemProxy section */
		AD6A4E201D1A48FF00DD4E8A /* PBXContainerItemProxy */ = {
			isa = PBXContainerItemProxy;
			containerPortal = AD6A4E011D1A48FE00DD4E8A /* Project object */;
			proxyType = 1;
			remoteGlobalIDString = AD6A4E081D1A48FE00DD4E8A;
			remoteInfo = SwiftImageUploader;
		};
		AD6A4E2B1D1A48FF00DD4E8A /* PBXContainerItemProxy */ = {
			isa = PBXContainerItemProxy;
			containerPortal = AD6A4E011D1A48FE00DD4E8A /* Project object */;
			proxyType = 1;
			remoteGlobalIDString = AD6A4E081D1A48FE00DD4E8A;
			remoteInfo = SwiftImageUploader;
		};
/* End PBXContainerItemProxy section */

/* Begin PBXFileReference section */
		AD6A4E091D1A48FE00DD4E8A /* SwiftImageUploader.app */ = {isa = PBXFileReference; explicitFileType = wrapper.application; includeInIndex = 0; path = SwiftImageUploader.app; sourceTree = BUILT_PRODUCTS_DIR; };
		AD6A4E0C1D1A48FE00DD4E8A /* AppDelegate.swift */ = {isa = PBXFileReference; lastKnownFileType = sourcecode.swift; path = AppDelegate.swift; sourceTree = "<group>"; };
		AD6A4E0E1D1A48FE00DD4E8A /* MasterViewController.swift */ = {isa = PBXFileReference; lastKnownFileType = sourcecode.swift; path = MasterViewController.swift; sourceTree = "<group>"; };
		AD6A4E101D1A48FE00DD4E8A /* DetailViewController.swift */ = {isa = PBXFileReference; lastKnownFileType = sourcecode.swift; path = DetailViewController.swift; sourceTree = "<group>"; };
		AD6A4E131D1A48FE00DD4E8A /* Base */ = {isa = PBXFileReference; lastKnownFileType = file.storyboard; name = Base; path = Base.lproj/Main.storyboard; sourceTree = "<group>"; };
		AD6A4E151D1A48FE00DD4E8A /* Assets.xcassets */ = {isa = PBXFileReference; lastKnownFileType = folder.assetcatalog; path = Assets.xcassets; sourceTree = "<group>"; };
		AD6A4E181D1A48FE00DD4E8A /* Base */ = {isa = PBXFileReference; lastKnownFileType = file.storyboard; name = Base; path = Base.lproj/LaunchScreen.storyboard; sourceTree = "<group>"; };
		AD6A4E1A1D1A48FE00DD4E8A /* Info.plist */ = {isa = PBXFileReference; lastKnownFileType = text.plist.xml; path = Info.plist; sourceTree = "<group>"; };
		AD6A4E1F1D1A48FF00DD4E8A /* SwiftImageUploaderTests.xctest */ = {isa = PBXFileReference; explicitFileType = wrapper.cfbundle; includeInIndex = 0; path = SwiftImageUploaderTests.xctest; sourceTree = BUILT_PRODUCTS_DIR; };
		AD6A4E231D1A48FF00DD4E8A /* SwiftImageUploaderTests.swift */ = {isa = PBXFileReference; lastKnownFileType = sourcecode.swift; path = SwiftImageUploaderTests.swift; sourceTree = "<group>"; };
		AD6A4E251D1A48FF00DD4E8A /* Info.plist */ = {isa = PBXFileReference; lastKnownFileType = text.plist.xml; path = Info.plist; sourceTree = "<group>"; };
		AD6A4E2A1D1A48FF00DD4E8A /* SwiftImageUploaderUITests.xctest */ = {isa = PBXFileReference; explicitFileType = wrapper.cfbundle; includeInIndex = 0; path = SwiftImageUploaderUITests.xctest; sourceTree = BUILT_PRODUCTS_DIR; };
		AD6A4E2E1D1A48FF00DD4E8A /* SwiftImageUploaderUITests.swift */ = {isa = PBXFileReference; lastKnownFileType = sourcecode.swift; path = SwiftImageUploaderUITests.swift; sourceTree = "<group>"; };
		AD6A4E301D1A48FF00DD4E8A /* Info.plist */ = {isa = PBXFileReference; lastKnownFileType = text.plist.xml; path = Info.plist; sourceTree = "<group>"; };
/* End PBXFileReference section */

/* Begin PBXFrameworksBuildPhase section */
		AD6A4E061D1A48FE00DD4E8A /* Frameworks */ = {
			isa = PBXFrameworksBuildPhase;
			buildActionMask = 2147483647;
			files = (
			);
			runOnlyForDeploymentPostprocessing = 0;
		};
		AD6A4E1C1D1A48FF00DD4E8A /* Frameworks */ = {
			isa = PBXFrameworksBuildPhase;
			buildActionMask = 2147483647;
			files = (
			);
			runOnlyForDeploymentPostprocessing = 0;
		};
		AD6A4E271D1A48FF00DD4E8A /* Frameworks */ = {
			isa = PBXFrameworksBuildPhase;
			buildActionMask = 2147483647;
			files = (
			);
			runOnlyForDeploymentPostprocessing = 0;
		};
/* End PBXFrameworksBuildPhase section */

/* Begin PBXGroup section */
		AD6A4E001D1A48FE00DD4E8A = {
			isa = PBXGroup;
			children = (
				AD6A4E0B1D1A48FE00DD4E8A /* SwiftImageUploader */,
				AD6A4E221D1A48FF00DD4E8A /* SwiftImageUploaderTests */,
				AD6A4E2D1D1A48FF00DD4E8A /* SwiftImageUploaderUITests */,
				AD6A4E0A1D1A48FE00DD4E8A /* Products */,
			);
			sourceTree = "<group>";
		};
		AD6A4E0A1D1A48FE00DD4E8A /* Products */ = {
			isa = PBXGroup;
			children = (
				AD6A4E091D1A48FE00DD4E8A /* SwiftImageUploader.app */,
				AD6A4E1F1D1A48FF00DD4E8A /* SwiftImageUploaderTests.xctest */,
				AD6A4E2A1D1A48FF00DD4E8A /* SwiftImageUploaderUITests.xctest */,
			);
			name = Products;
			sourceTree = "<group>";
		};
		AD6A4E0B1D1A48FE00DD4E8A /* SwiftImageUploader */ = {
			isa = PBXGroup;
			children = (
				AD6A4E0C1D1A48FE00DD4E8A /* AppDelegate.swift */,
				AD6A4E0E1D1A48FE00DD4E8A /* MasterViewController.swift */,
				AD6A4E101D1A48FE00DD4E8A /* DetailViewController.swift */,
				AD6A4E121D1A48FE00DD4E8A /* Main.storyboard */,
				AD6A4E151D1A48FE00DD4E8A /* Assets.xcassets */,
				AD6A4E171D1A48FE00DD4E8A /* LaunchScreen.storyboard */,
				AD6A4E1A1D1A48FE00DD4E8A /* Info.plist */,
			);
			path = SwiftImageUploader;
			sourceTree = "<group>";
		};
		AD6A4E221D1A48FF00DD4E8A /* SwiftImageUploaderTests */ = {
			isa = PBXGroup;
			children = (
				AD6A4E231D1A48FF00DD4E8A /* SwiftImageUploaderTests.swift */,
				AD6A4E251D1A48FF00DD4E8A /* Info.plist */,
			);
			path = SwiftImageUploaderTests;
			sourceTree = "<group>";
		};
		AD6A4E2D1D1A48FF00DD4E8A /* SwiftImageUploaderUITests */ = {
			isa = PBXGroup;
			children = (
				AD6A4E2E1D1A48FF00DD4E8A /* SwiftImageUploaderUITests.swift */,
				AD6A4E301D1A48FF00DD4E8A /* Info.plist */,
			);
			path = SwiftImageUploaderUITests;
			sourceTree = "<group>";
		};
/* End PBXGroup section */

/* Begin PBXNativeTarget section */
		AD6A4E081D1A48FE00DD4E8A /* SwiftImageUploader */ = {
			isa = PBXNativeTarget;
			buildConfigurationList = AD6A4E331D1A48FF00DD4E8A /* Build configuration list for PBXNativeTarget "SwiftImageUploader" */;
			buildPhases = (
				AD6A4E051D1A48FE00DD4E8A /* Sources */,
				AD6A4E061D1A48FE00DD4E8A /* Frameworks */,
				AD6A4E071D1A48FE00DD4E8A /* Resources */,
			);
			buildRules = (
			);
			dependencies = (
			);
			name = SwiftImageUploader;
			productName = SwiftImageUploader;
			productReference = AD6A4E091D1A48FE00DD4E8A /* SwiftImageUploader.app */;
			productType = "com.apple.product-type.application";
		};
		AD6A4E1E1D1A48FF00DD4E8A /* SwiftImageUploaderTests */ = {
			isa = PBXNativeTarget;
			buildConfigurationList = AD6A4E361D1A48FF00DD4E8A /* Build configuration list for PBXNativeTarget "SwiftImageUploaderTests" */;
			buildPhases = (
				AD6A4E1B1D1A48FF00DD4E8A /* Sources */,
				AD6A4E1C1D1A48FF00DD4E8A /* Frameworks */,
				AD6A4E1D1D1A48FF00DD4E8A /* Resources */,
			);
			buildRules = (
			);
			dependencies = (
				AD6A4E211D1A48FF00DD4E8A /* PBXTargetDependency */,
			);
			name = SwiftImageUploaderTests;
			productName = SwiftImageUploaderTests;
			productReference = AD6A4E1F1D1A48FF00DD4E8A /* SwiftImageUploaderTests.xctest */;
			productType = "com.apple.product-type.bundle.unit-test";
		};
		AD6A4E291D1A48FF00DD4E8A /* SwiftImageUploaderUITests */ = {
			isa = PBXNativeTarget;
			buildConfigurationList = AD6A4E391D1A48FF00DD4E8A /* Build configuration list for PBXNativeTarget "SwiftImageUploaderUITests" */;
			buildPhases = (
				AD6A4E261D1A48FF00DD4E8A /* Sources */,
				AD6A4E271D1A48FF00DD4E8A /* Frameworks */,
				AD6A4E281D1A48FF00DD4E8A /* Resources */,
			);
			buildRules = (
			);
			dependencies = (
				AD6A4E2C1D1A48FF00DD4E8A /* PBXTargetDependency */,
			);
			name = SwiftImageUploaderUITests;
			productName = SwiftImageUploaderUITests;
			productReference = AD6A4E2A1D1A48FF00DD4E8A /* SwiftImageUploaderUITests.xctest */;
			productType = "com.apple.product-type.bundle.ui-testing";
		};
/* End PBXNativeTarget section */

/* Begin PBXProject section */
		AD6A4E011D1A48FE00DD4E8A /* Project object */ = {
			isa = PBXProject;
			attributes = {
				LastSwiftUpdateCheck = 0730;
				LastUpgradeCheck = 0730;
				ORGANIZATIONNAME = ZongWare;
				TargetAttributes = {
					AD6A4E081D1A48FE00DD4E8A = {
						CreatedOnToolsVersion = 7.3.1;
					};
					AD6A4E1E1D1A48FF00DD4E8A = {
						CreatedOnToolsVersion = 7.3.1;
						TestTargetID = AD6A4E081D1A48FE00DD4E8A;
					};
					AD6A4E291D1A48FF00DD4E8A = {
						CreatedOnToolsVersion = 7.3.1;
						TestTargetID = AD6A4E081D1A48FE00DD4E8A;
					};
				};
			};
			buildConfigurationList = AD6A4E041D1A48FE00DD4E8A /* Build configuration list for PBXProject "SwiftImageUploader" */;
			compatibilityVersion = "Xcode 3.2";
			developmentRegion = English;
			hasScannedForEncodings = 0;
			knownRegions = (
				en,
				Base,
			);
			mainGroup = AD6A4E001D1A48FE00DD4E8A;
			productRefGroup = AD6A4E0A1D1A48FE00DD4E8A /* Products */;
			projectDirPath = "";
			projectRoot = "";
			targets = (
				AD6A4E081D1A48FE00DD4E8A /* SwiftImageUploader */,
				AD6A4E1E1D1A48FF00DD4E8A /* SwiftImageUploaderTests */,
				AD6A4E291D1A48FF00DD4E8A /* SwiftImageUploaderUITests */,
			);
		};
/* End PBXProject section */

/* Begin PBXResourcesBuildPhase section */
		AD6A4E071D1A48FE00DD4E8A /* Resources */ = {
			isa = PBXResourcesBuildPhase;
			buildActionMask = 2147483647;
			files = (
				AD6A4E191D1A48FE00DD4E8A /* LaunchScreen.storyboard in Resources */,
				AD6A4E161D1A48FE00DD4E8A /* Assets.xcassets in Resources */,
				AD6A4E141D1A48FE00DD4E8A /* Main.storyboard in Resources */,
			);
			runOnlyForDeploymentPostprocessing = 0;
		};
		AD6A4E1D1D1A48FF00DD4E8A /* Resources */ = {
			isa = PBXResourcesBuildPhase;
			buildActionMask = 2147483647;
			files = (
			);
			runOnlyForDeploymentPostprocessing = 0;
		};
		AD6A4E281D1A48FF00DD4E8A /* Resources */ = {
			isa = PBXResourcesBuildPhase;
			buildActionMask = 2147483647;
			files = (
			);
			runOnlyForDeploymentPostprocessing = 0;
		};
/* End PBXResourcesBuildPhase section */

/* Begin PBXSourcesBuildPhase section */
		AD6A4E051D1A48FE00DD4E8A /* Sources */ = {
			isa = PBXSourcesBuildPhase;
			buildActionMask = 2147483647;
			files = (
				AD6A4E111D1A48FE00DD4E8A /* DetailViewController.swift in Sources */,
				AD6A4E0F1D1A48FE00DD4E8A /* MasterViewController.swift in Sources */,
				AD6A4E0D1D1A48FE00DD4E8A /* AppDelegate.swift in Sources */,
			);
			runOnlyForDeploymentPostprocessing = 0;
		};
		AD6A4E1B1D1A48FF00DD4E8A /* Sources */ = {
			isa = PBXSourcesBuildPhase;
			buildActionMask = 2147483647;
			files = (
				AD6A4E241D1A48FF00DD4E8A /* SwiftImageUploaderTests.swift in Sources */,
			);
			runOnlyForDeploymentPostprocessing = 0;
		};
		AD6A4E261D1A48FF00DD4E8A /* Sources */ = {
			isa = PBXSourcesBuildPhase;
			buildActionMask = 2147483647;
			files = (
				AD6A4E2F1D1A48FF00DD4E8A /* SwiftImageUploaderUITests.swift in Sources */,
			);
			runOnlyForDeploymentPostprocessing = 0;
		};
/* End PBXSourcesBuildPhase section */

/* Begin PBXTargetDependency section */
		AD6A4E211D1A48FF00DD4E8A /* PBXTargetDependency */ = {
			isa = PBXTargetDependency;
			target = AD6A4E081D1A48FE00DD4E8A /* SwiftImageUploader */;
			targetProxy = AD6A4E201D1A48FF00DD4E8A /* PBXContainerItemProxy */;
		};
		AD6A4E2C1D1A48FF00DD4E8A /* PBXTargetDependency */ = {
			isa = PBXTargetDependency;
			target = AD6A4E081D1A48FE00DD4E8A /* SwiftImageUploader */;
			targetProxy = AD6A4E2B1D1A48FF00DD4E8A /* PBXContainerItemProxy */;
		};
/* End PBXTargetDependency section */

/* Begin PBXVariantGroup section */
		AD6A4E121D1A48FE00DD4E8A /* Main.storyboard */ = {
			isa = PBXVariantGroup;
			children = (
				AD6A4E131D1A48FE00DD4E8A /* Base */,
			);
			name = Main.storyboard;
			sourceTree = "<group>";
		};
		AD6A4E171D1A48FE00DD4E8A /* LaunchScreen.storyboard */ = {
			isa = PBXVariantGroup;
			children = (
				AD6A4E181D1A48FE00DD4E8A /* Base */,
			);
			name = LaunchScreen.storyboard;
			sourceTree = "<group>";
		};
/* End PBXVariantGroup section */

/* Begin XCBuildConfiguration section */
		AD6A4E311D1A48FF00DD4E8A /* Debug */ = {
			isa = XCBuildConfiguration;
			buildSettings = {
				ALWAYS_SEARCH_USER_PATHS = NO;
				CLANG_ANALYZER_NONNULL = YES;
				CLANG_CXX_LANGUAGE_STANDARD = "gnu++0x";
				CLANG_CXX_LIBRARY = "libc++";
				CLANG_ENABLE_MODULES = YES;
				CLANG_ENABLE_OBJC_ARC = YES;
				CLANG_WARN_BOOL_CONVERSION = YES;
				CLANG_WARN_CONSTANT_CONVERSION = YES;
				CLANG_WARN_DIRECT_OBJC_ISA_USAGE = YES_ERROR;
				CLANG_WARN_EMPTY_BODY = YES;
				CLANG_WARN_ENUM_CONVERSION = YES;
				CLANG_WARN_INT_CONVERSION = YES;
				CLANG_WARN_OBJC_ROOT_CLASS = YES_ERROR;
				CLANG_WARN_UNREACHABLE_CODE = YES;
				CLANG_WARN__DUPLICATE_METHOD_MATCH = YES;
				"CODE_SIGN_IDENTITY[sdk=iphoneos*]" = "iPhone Developer";
				COPY_PHASE_STRIP = NO;
				DEBUG_INFORMATION_FORMAT = dwarf;
				ENABLE_STRICT_OBJC_MSGSEND = YES;
				ENABLE_TESTABILITY = YES;
				GCC_C_LANGUAGE_STANDARD = gnu99;
				GCC_DYNAMIC_NO_PIC = NO;
				GCC_NO_COMMON_BLOCKS = YES;
				GCC_OPTIMIZATION_LEVEL = 0;
				GCC_PREPROCESSOR_DEFINITIONS = (
					"DEBUG=1",
					"$(inherited)",
				);
				GCC_WARN_64_TO_32_BIT_CONVERSION = YES;
				GCC_WARN_ABOUT_RETURN_TYPE = YES_ERROR;
				GCC_WARN_UNDECLARED_SELECTOR = YES;
				GCC_WARN_UNINITIALIZED_AUTOS = YES_AGGRESSIVE;
				GCC_WARN_UNUSED_FUNCTION = YES;
				GCC_WARN_UNUSED_VARIABLE = YES;
				IPHONEOS_DEPLOYMENT_TARGET = 9.3;
				MTL_ENABLE_DEBUG_INFO = YES;
				ONLY_ACTIVE_ARCH = YES;
				SDKROOT = iphoneos;
				SWIFT_OPTIMIZATION_LEVEL = "-Onone";
				TARGETED_DEVICE_FAMILY = "1,2";
			};
			name = Debug;
		};
		AD6A4E321D1A48FF00DD4E8A /* Release */ = {
			isa = XCBuildConfiguration;
			buildSettings = {
				ALWAYS_SEARCH_USER_PATHS = NO;
				CLANG_ANALYZER_NONNULL = YES;
				CLANG_CXX_LANGUAGE_STANDARD = "gnu++0x";
				CLANG_CXX_LIBRARY = "libc++";
				CLANG_ENABLE_MODULES = YES;
				CLANG_ENABLE_OBJC_ARC = YES;
				CLANG_WARN_BOOL_CONVERSION = YES;
				CLANG_WARN_CONSTANT_CONVERSION = YES;
				CLANG_WARN_DIRECT_OBJC_ISA_USAGE = YES_ERROR;
				CLANG_WARN_EMPTY_BODY = YES;
				CLANG_WARN_ENUM_CONVERSION = YES;
				CLANG_WARN_INT_CONVERSION = YES;
				CLANG_WARN_OBJC_ROOT_CLASS = YES_ERROR;
				CLANG_WARN_UNREACHABLE_CODE = YES;
				CLANG_WARN__DUPLICATE_METHOD_MATCH = YES;
				"CODE_SIGN_IDENTITY[sdk=iphoneos*]" = "iPhone Developer";
				COPY_PHASE_STRIP = NO;
				DEBUG_INFORMATION_FORMAT = "dwarf-with-dsym";
				ENABLE_NS_ASSERTIONS = NO;
				ENABLE_STRICT_OBJC_MSGSEND = YES;
				GCC_C_LANGUAGE_STANDARD = gnu99;
				GCC_NO_COMMON_BLOCKS = YES;
				GCC_WARN_64_TO_32_BIT_CONVERSION = YES;
				GCC_WARN_ABOUT_RETURN_TYPE = YES_ERROR;
				GCC_WARN_UNDECLARED_SELECTOR = YES;
				GCC_WARN_UNINITIALIZED_AUTOS = YES_AGGRESSIVE;
				GCC_WARN_UNUSED_FUNCTION = YES;
				GCC_WARN_UNUSED_VARIABLE = YES;
				IPHONEOS_DEPLOYMENT_TARGET = 9.3;
				MTL_ENABLE_DEBUG_INFO = NO;
				SDKROOT = iphoneos;
				TARGETED_DEVICE_FAMILY = "1,2";
				VALIDATE_PRODUCT = YES;
			};
			name = Release;
		};
		AD6A4E341D1A48FF00DD4E8A /* Debug */ = {
			isa = XCBuildConfiguration;
			buildSettings = {
				ASSETCATALOG_COMPILER_APPICON_NAME = AppIcon;
				INFOPLIST_FILE = SwiftImageUploader/Info.plist;
				LD_RUNPATH_SEARCH_PATHS = "$(inherited) @executable_path/Frameworks";
				PRODUCT_BUNDLE_IDENTIFIER = zongware.SwiftImageUploader;
				PRODUCT_NAME = "$(TARGET_NAME)";
			};
			name = Debug;
		};
		AD6A4E351D1A48FF00DD4E8A /* Release */ = {
			isa = XCBuildConfiguration;
			buildSettings = {
				ASSETCATALOG_COMPILER_APPICON_NAME = AppIcon;
				INFOPLIST_FILE = SwiftImageUploader/Info.plist;
				LD_RUNPATH_SEARCH_PATHS = "$(inherited) @executable_path/Frameworks";
				PRODUCT_BUNDLE_IDENTIFIER = zongware.SwiftImageUploader;
				PRODUCT_NAME = "$(TARGET_NAME)";
			};
			name = Release;
		};
		AD6A4E371D1A48FF00DD4E8A /* Debug */ = {
			isa = XCBuildConfiguration;
			buildSettings = {
				BUNDLE_LOADER = "$(TEST_HOST)";
				INFOPLIST_FILE = SwiftImageUploaderTests/Info.plist;
				LD_RUNPATH_SEARCH_PATHS = "$(inherited) @executable_path/Frameworks @loader_path/Frameworks";
				PRODUCT_BUNDLE_IDENTIFIER = zongware.SwiftImageUploaderTests;
				PRODUCT_NAME = "$(TARGET_NAME)";
				TEST_HOST = "$(BUILT_PRODUCTS_DIR)/SwiftImageUploader.app/SwiftImageUploader";
			};
			name = Debug;
		};
		AD6A4E381D1A48FF00DD4E8A /* Release */ = {
			isa = XCBuildConfiguration;
			buildSettings = {
				BUNDLE_LOADER = "$(TEST_HOST)";
				INFOPLIST_FILE = SwiftImageUploaderTests/Info.plist;
				LD_RUNPATH_SEARCH_PATHS = "$(inherited) @executable_path/Frameworks @loader_path/Frameworks";
				PRODUCT_BUNDLE_IDENTIFIER = zongware.SwiftImageUploaderTests;
				PRODUCT_NAME = "$(TARGET_NAME)";
				TEST_HOST = "$(BUILT_PRODUCTS_DIR)/SwiftImageUploader.app/SwiftImageUploader";
			};
			name = Release;
		};
		AD6A4E3A1D1A48FF00DD4E8A /* Debug */ = {
			isa = XCBuildConfiguration;
			buildSettings = {
				INFOPLIST_FILE = SwiftImageUploaderUITests/Info.plist;
				LD_RUNPATH_SEARCH_PATHS = "$(inherited) @executable_path/Frameworks @loader_path/Frameworks";
				PRODUCT_BUNDLE_IDENTIFIER = zongware.SwiftImageUploaderUITests;
				PRODUCT_NAME = "$(TARGET_NAME)";
				TEST_TARGET_NAME = SwiftImageUploader;
			};
			name = Debug;
		};
		AD6A4E3B1D1A48FF00DD4E8A /* Release */ = {
			isa = XCBuildConfiguration;
			buildSettings = {
				INFOPLIST_FILE = SwiftImageUploaderUITests/Info.plist;
				LD_RUNPATH_SEARCH_PATHS = "$(inherited) @executable_path/Frameworks @loader_path/Frameworks";
				PRODUCT_BUNDLE_IDENTIFIER = zongware.SwiftImageUploaderUITests;
				PRODUCT_NAME = "$(TARGET_NAME)";
				TEST_TARGET_NAME = SwiftImageUploader;
			};
			name = Release;
		};
/* End XCBuildConfiguration section */

/* Begin XCConfigurationList section */
		AD6A4E041D1A48FE00DD4E8A /* Build configuration list for PBXProject "SwiftImageUploader" */ = {
			isa = XCConfigurationList;
			buildConfigurations = (
				AD6A4E311D1A48FF00DD4E8A /* Debug */,
				AD6A4E321D1A48FF00DD4E8A /* Release */,
			);
			defaultConfigurationIsVisible = 0;
			defaultConfigurationName = Release;
		};
		AD6A4E331D1A48FF00DD4E8A /* Build configuration list for PBXNativeTarget "SwiftImageUploader" */ = {
			isa = XCConfigurationList;
			buildConfigurations = (
				AD6A4E341D1A48FF00DD4E8A /* Debug */,
				AD6A4E351D1A48FF00DD4E8A /* Release */,
			);
			defaultConfigurationIsVisible = 0;
		};
		AD6A4E361D1A48FF00DD4E8A /* Build configuration list for PBXNativeTarget "SwiftImageUploaderTests" */ = {
			isa = XCConfigurationList;
			buildConfigurations = (
				AD6A4E371D1A48FF00DD4E8A /* Debug */,
				AD6A4E381D1A48FF00DD4E8A /* Release */,
			);
			defaultConfigurationIsVisible = 0;
		};
		AD6A4E391D1A48FF00DD4E8A /* Build configuration list for PBXNativeTarget "SwiftImageUploaderUITests" */ = {
			isa = XCConfigurationList;
			buildConfigurations = (
				AD6A4E3A1D1A48FF00DD4E8A /* Debug */,
				AD6A4E3B1D1A48FF00DD4E8A /* Release */,
			);
			defaultConfigurationIsVisible = 0;
		};
/* End XCConfigurationList section */
	};
	rootObject = AD6A4E011D1A48FE00DD4E8A /* Project object */;
}
